
Microsoft Visual Studio Solution File, Format Version 12.00
# Visual Studio 14
VisualStudioVersion = 14.0.25123.0
MinimumVisualStudioVersion = 10.0.40219.1
Project("{FAE04EC0-301F-11D3-BF4B-00C04F79EFBC}") = "TableML", "TableML\TableML.csproj", "{BA4B8898-DC04-4934-8858-D505226D1A28}"
EndProject
Project("{FAE04EC0-301F-11D3-BF4B-00C04F79EFBC}") = "TableMLCompiler", "TableMLCompiler\TableMLCompiler.csproj", "{0EA0F262-7EF3-4696-A99C-F62E0BC2F613}"
EndProject
Project("{FAE04EC0-301F-11D3-BF4B-00C04F79EFBC}") = "TableMLCompilerConsole", "TableMLCompilerConsole\TableMLCompilerConsole.csproj", "{D3A252A3-78B0-4651-AD16-C6B6A30F7326}"
EndProject
Project("{FAE04EC0-301F-11D3-BF4B-00C04F79EFBC}") = "TableMLTests", "TableMLTests\TableMLTests.csproj", "{BEDF8009-E44E-4507-8511-00CBD910CFE2}"
EndProject
Global
	GlobalSection(SolutionConfigurationPlatforms) = preSolution
		Debug|Any CPU = Debug|Any CPU
		Release|Any CPU = Release|Any CPU
	EndGlobalSection
	GlobalSection(ProjectConfigurationPlatforms) = postSolution
		{BA4B8898-DC04-4934-8858-D505226D1A28}.Debug|Any CPU.ActiveCfg = Debug|Any CPU
		{BA4B8898-DC04-4934-8858-D505226D1A28}.Debug|Any CPU.Build.0 = Debug|Any CPU
		{BA4B8898-DC04-4934-8858-D505226D1A28}.Release|Any CPU.ActiveCfg = Release|Any CPU
		{BA4B8898-DC04-4934-8858-D505226D1A28}.Release|Any CPU.Build.0 = Release|Any CPU
		{0EA0F262-7EF3-4696-A99C-F62E0BC2F613}.Debug|Any CPU.ActiveCfg = Debug|Any CPU
		{0EA0F262-7EF3-4696-A99C-F62E0BC2F613}.Debug|Any CPU.Build.0 = Debug|Any CPU
		{0EA0F262-7EF3-4696-A99C-F62E0BC2F613}.Release|Any CPU.ActiveCfg = Release|Any CPU
		{0EA0F262-7EF3-4696-A99C-F62E0BC2F613}.Release|Any CPU.Build.0 = Release|Any CPU
		{D3A252A3-78B0-4651-AD16-C6B6A30F7326}.Debug|Any CPU.ActiveCfg = Debug|Any CPU
		{D3A252A3-78B0-4651-AD16-C6B6A30F7326}.Debug|Any CPU.Build.0 = Debug|Any CPU
		{D3A252A3-78B0-4651-AD16-C6B6A30F7326}.Release|Any CPU.ActiveCfg = Release|Any CPU
		{D3A252A3-78B0-4651-AD16-C6B6A30F7326}.Release|Any CPU.Build.0 = Release|Any CPU
		{BEDF8009-E44E-4507-8511-00CBD910CFE2}.Debug|Any CPU.ActiveCfg = Debug|Any CPU
		{BEDF8009-E44E-4507-8511-00CBD910CFE2}.Debug|Any CPU.Build.0 = Debug|Any CPU
		{BEDF8009-E44E-4507-8511-00CBD910CFE2}.Release|Any CPU.ActiveCfg = Release|Any CPU
		{BEDF8009-E44E-4507-8511-00CBD910CFE2}.Release|Any CPU.Build.0 = Release|Any CPU
	EndGlobalSection
	GlobalSection(SolutionProperties) = preSolution
		HideSolutionNode = FALSE
	EndGlobalSection
EndGlobal
